# This file is autogenerated, do not edit; changes may be undone by the next 'dep ensure'.


[[projects]]
  name = "code.cloudfoundry.org/bbs"
  packages = [
    ".",
    "encryption",
    "events",
    "format",
    "models"
  ]
  revision = "d2b17ee46edd1135d538fccf572e0256b6575018"

[[projects]]
  name = "code.cloudfoundry.org/cfhttp"
  packages = [
    ".",
    "unix_transport"
  ]
  revision = "6bfe6d86cca8843887fa20db49233b2db323217f"

[[projects]]
  name = "code.cloudfoundry.org/clock"
  packages = ["."]
  revision = "07af930eb5e50f99b6e7b413774d1a6b1cc8e598"

[[projects]]
  name = "code.cloudfoundry.org/consuladapter"
  packages = ["."]
  revision = "416e47ed81574c56d374faf434bc877fb0e83822"

[[projects]]
  branch = "master"
  name = "code.cloudfoundry.org/copilot"
  packages = [
    ".",
    "api"
  ]
  revision = "84c8996cae687496231a3a89efef605bfd163c71"

[[projects]]
  name = "code.cloudfoundry.org/lager"
  packages = [
    ".",
    "lagertest"
  ]
  revision = "6cfe365fb6bb84343f0034b4a53cd250d173b61f"

[[projects]]
  name = "code.cloudfoundry.org/locket"
  packages = ["."]
  revision = "e17d7a1636cd0856b5672883b2ef97bc32e78804"

[[projects]]
  name = "code.cloudfoundry.org/runtimeschema"
  packages = ["metric"]
  revision = "5d256db4751844e23119896158bacb300fcd5372"

[[projects]]
  name = "github.com/bmizerany/pat"
  packages = ["."]
  revision = "c068ca2f0aacee5ac3681d68e4d0a003b7d1fd2c"

[[projects]]
  branch = "update_org_name"
  name = "github.com/cloudfoundry-incubator/cf-test-helpers"
  packages = [
    "cf",
    "commandreporter",
    "commandstarter",
    "generator",
    "helpers",
    "helpers/internal",
    "internal",
    "workflowhelpers",
    "workflowhelpers/internal"
  ]
  revision = "a36cb53dbca7484674a964b48a1c6f276f1158b3"

[[projects]]
  name = "github.com/cloudfoundry/dropsonde"
  packages = [
    "metric_sender",
    "metrics"
  ]
  revision = "01bc88882911289a6eaa67311ac0d06f77196c4f"

[[projects]]
  name = "github.com/cloudfoundry/sonde-go"
  packages = ["events"]
  revision = "49655d8642a62db248ecf87a16605d240ea06c61"

[[projects]]
  name = "github.com/gogo/protobuf"
  packages = [
    "gogoproto",
    "proto",
    "protoc-gen-gogo/descriptor",
    "sortkeys"
  ]
  revision = "f9114dace7bd920b32f943b3c73fafbcbab2bf31"

[[projects]]
  name = "github.com/golang/protobuf"
  packages = [
    "proto",
    "ptypes",
    "ptypes/any",
    "ptypes/duration",
    "ptypes/timestamp"
  ]
  revision = "925541529c1fa6821df4e44ce2723319eb2be768"
  version = "v1.0.0"

[[projects]]
  name = "github.com/hashicorp/consul"
  packages = ["api"]
  revision = "8d57727ff0d113a97c89a992e4681680f95cbf03"

[[projects]]
  name = "github.com/hashicorp/go-cleanhttp"
  packages = ["."]
  revision = "ad28ea4487f05916463e2423a55166280e8254b5"

[[projects]]
  name = "github.com/hashicorp/serf"
  packages = ["coordinate"]
  revision = "d3a67ab21bc8a4643fa53a3633f2d951dd50c6ca"

[[projects]]
  branch = "master"
  name = "github.com/nu7hatch/gouuid"
  packages = ["."]
  revision = "179d4d0c4d8d407a32af483c2354df1d2c91e6c3"

[[projects]]
  name = "github.com/onsi/ginkgo"
  packages = [
    ".",
    "config",
    "ginkgo",
    "ginkgo/convert",
    "ginkgo/interrupthandler",
    "ginkgo/nodot",
    "ginkgo/testrunner",
    "ginkgo/testsuite",
    "ginkgo/watch",
    "internal/codelocation",
    "internal/containernode",
    "internal/failer",
    "internal/leafnodes",
    "internal/remote",
    "internal/spec",
    "internal/spec_iterator",
    "internal/specrunner",
    "internal/suite",
    "internal/testingtproxy",
    "internal/writer",
    "reporters",
    "reporters/stenographer",
    "reporters/stenographer/support/go-colorable",
    "reporters/stenographer/support/go-isatty",
    "types"
  ]
  revision = "fa5fabab2a1bfbd924faf4c067d07ae414e2aedf"
  version = "v1.5.0"

[[projects]]
  name = "github.com/onsi/gomega"
  packages = [
    ".",
    "format",
    "gbytes",
    "gexec",
    "internal/assertion",
    "internal/asyncassertion",
    "internal/oraclematcher",
    "internal/testingtsupport",
    "matchers",
    "matchers/support/goraph/bipartitegraph",
    "matchers/support/goraph/edge",
    "matchers/support/goraph/node",
    "matchers/support/goraph/util",
    "types"
  ]
  revision = "e85f63af4302dc0e4277c6008ecf803f1d80e4f0"

[[projects]]
  name = "github.com/tedsuo/ifrit"
  packages = ["."]
  revision = "6711154296c2b3fc5cd1932f0638c8ca0ce8a8a7"

[[projects]]
  name = "github.com/tedsuo/rata"
  packages = ["."]
  revision = "0649c23705dfb45a9693b668c4fc1c0666f485d9"
  version = "v1.0.0"

[[projects]]
  branch = "master"
  name = "github.com/vito/go-sse"
  packages = ["sse"]
  revision = "fd69d275caac5d78d793e77ddbe9bd2001d9b88d"

[[projects]]
  branch = "master"
  name = "golang.org/x/net"
  packages = [
    "context",
    "http2",
    "http2/hpack",
    "idna",
    "internal/timeseries",
    "lex/httplex",
    "trace"
  ]
  revision = "b3c676e531a6dc479fa1b35ac961c13f5e2b4d2e"

[[projects]]
  name = "golang.org/x/sys"
  packages = ["unix"]
  revision = "d75a52659825e75fff6158388dddc6a5b04f9ba5"

[[projects]]
  name = "golang.org/x/text"
  packages = [
    "collate",
    "collate/build",
    "internal/colltab",
    "internal/gen",
    "internal/tag",
    "internal/triegen",
    "internal/ucd",
    "language",
    "secure/bidirule",
    "transform",
    "unicode/bidi",
    "unicode/cldr",
    "unicode/norm",
    "unicode/rangetable"
  ]
  revision = "f21a4dfb5e38f5895301dc265a8def02365cc3d0"
  version = "v0.3.0"

[[projects]]
  branch = "master"
  name = "google.golang.org/genproto"
  packages = ["googleapis/rpc/status"]
  revision = "35de2414665fc36f56b72d982c5af480d86de5ab"

[[projects]]
  name = "google.golang.org/grpc"
  packages = [
    ".",
    "balancer",
    "balancer/base",
    "balancer/roundrobin",
    "codes",
    "connectivity",
    "credentials",
    "encoding",
    "encoding/proto",
    "grpclb/grpc_lb_v1/messages",
    "grpclog",
    "internal",
    "keepalive",
    "metadata",
    "naming",
    "peer",
    "resolver",
    "resolver/dns",
    "resolver/passthrough",
    "stats",
    "status",
    "tap",
    "transport"
  ]
  revision = "1e2570b1b19ade82d8dbb31bba4e65e9f9ef5b34"
  version = "v1.11.1"

[[projects]]
  name = "gopkg.in/yaml.v2"
  packages = ["."]
  revision = "a5b47d31c556af34a302ce5d659e6fea44d90de0"

[solve-meta]
  analyzer-name = "dep"
  analyzer-version = 1
  inputs-digest = "3382dcff90e133b95e5f79a294bdfd554423abe16171777cb05ba9725e5b274c"
  solver-name = "gps-cdcl"
  solver-version = 1
