# This file is autogenerated, do not edit; changes may be undone by the next 'dep ensure'.


[[projects]]
  digest = "1:4c3defe2c6294f544f5ad0ad8749837fd32b8bf6cf7293e491759cd41f1ce5a4"
  name = "code.cloudfoundry.org/bbs"
  packages = [
    ".",
    "encryption",
    "events",
    "format",
    "models",
  ]
  pruneopts = "UT"
  revision = "d2b17ee46edd1135d538fccf572e0256b6575018"

[[projects]]
  digest = "1:3891a6d6af9dba0c6b42ddc9e2e64e948369e0d9a396e9b062e7764709ffc7ef"
  name = "code.cloudfoundry.org/cfhttp"
  packages = [
    ".",
    "unix_transport",
  ]
  pruneopts = "UT"
  revision = "6bfe6d86cca8843887fa20db49233b2db323217f"

[[projects]]
  digest = "1:38f18b37733da97369326f63b0631ae605f36046fb8c8ef45ca9cfa67bcb4dbe"
  name = "code.cloudfoundry.org/clock"
  packages = ["."]
  pruneopts = "UT"
  revision = "07af930eb5e50f99b6e7b413774d1a6b1cc8e598"

[[projects]]
  digest = "1:63b47c2a6a30c74f1375cbdc69bb8deec7d6d54e8a4ff15746e74cab1a19d782"
  name = "code.cloudfoundry.org/consuladapter"
  packages = ["."]
  pruneopts = "UT"
  revision = "416e47ed81574c56d374faf434bc877fb0e83822"

[[projects]]
  branch = "master"
  digest = "1:7f39d440f46b17524731fcbeecb896f40328ee1fbff27934f5c645bcd13f5358"
  name = "code.cloudfoundry.org/copilot"
  packages = [
    ".",
    "api",
  ]
  pruneopts = "UT"
  revision = "8d5c57eac99ecb356815dc016392fc342d5d72ef"

[[projects]]
  digest = "1:46cc14765d32872a648fd4c08e14de3967da9aa092c054285547313b66ef1920"
  name = "code.cloudfoundry.org/lager"
  packages = [
    ".",
    "lagertest",
  ]
  pruneopts = "UT"
  revision = "6cfe365fb6bb84343f0034b4a53cd250d173b61f"

[[projects]]
  digest = "1:50f456e64403f5cbec6cd96ac22fa31121110770a1c7f482d9f71d1bd38200de"
  name = "code.cloudfoundry.org/locket"
  packages = ["."]
  pruneopts = "UT"
  revision = "e17d7a1636cd0856b5672883b2ef97bc32e78804"

[[projects]]
  digest = "1:e53799031a621d1203008a8ba0175d27a6a024ea88b6e2df3122e445d813b9c7"
  name = "code.cloudfoundry.org/runtimeschema"
  packages = ["metric"]
  pruneopts = "UT"
  revision = "5d256db4751844e23119896158bacb300fcd5372"

[[projects]]
  digest = "1:1afeb4b89147a1756809ca00966c6540b425fa158b16c89d966e41f68a0a5034"
  name = "github.com/bmizerany/pat"
  packages = ["."]
  pruneopts = "UT"
  revision = "c068ca2f0aacee5ac3681d68e4d0a003b7d1fd2c"

[[projects]]
  branch = "update_org_name"
  digest = "1:34f8a3263b0a81c35269ae9ce0670244627c947cdce40e4312e12c4b9e2f5b6f"
  name = "github.com/cloudfoundry-incubator/cf-test-helpers"
  packages = [
    "cf",
    "commandreporter",
    "commandstarter",
    "generator",
    "internal",
    "workflowhelpers",
    "workflowhelpers/internal",
  ]
  pruneopts = "UT"
  revision = "a36cb53dbca7484674a964b48a1c6f276f1158b3"

[[projects]]
  digest = "1:512da5874cbdc056321c97877f1aed63c49f517c18ae171722b4f213999982ab"
  name = "github.com/cloudfoundry/dropsonde"
  packages = [
    "metric_sender",
    "metrics",
  ]
  pruneopts = "UT"
  revision = "01bc88882911289a6eaa67311ac0d06f77196c4f"

[[projects]]
  digest = "1:942e33d9e76b8ef7e7a21ac415000e21e0fd986040f8af31b02e67a913c91283"
  name = "github.com/cloudfoundry/sonde-go"
  packages = ["events"]
  pruneopts = "UT"
  revision = "49655d8642a62db248ecf87a16605d240ea06c61"

[[projects]]
  digest = "1:e03a4f2e912fe6b18c2e90b83b2748e89aa7bf3c816682d761fe299cd1de95f4"
  name = "github.com/gogo/protobuf"
  packages = [
    "gogoproto",
    "proto",
    "protoc-gen-gogo/descriptor",
    "sortkeys",
  ]
  pruneopts = "UT"
  revision = "f9114dace7bd920b32f943b3c73fafbcbab2bf31"

[[projects]]
  digest = "1:4c0989ca0bcd10799064318923b9bc2db6b4d6338dd75f3f2d86c3511aaaf5cf"
  name = "github.com/golang/protobuf"
  packages = [
    "proto",
    "ptypes",
    "ptypes/any",
    "ptypes/duration",
    "ptypes/timestamp",
  ]
  pruneopts = "UT"
  revision = "aa810b61a9c79d51363740d207bb46cf8e620ed5"
  version = "v1.2.0"

[[projects]]
  digest = "1:7881c4d5fea2306e26a6cc5ee9888865584476096c92ff4188ed4dd3999a1def"
  name = "github.com/hashicorp/consul"
  packages = ["api"]
  pruneopts = "UT"
  revision = "8d57727ff0d113a97c89a992e4681680f95cbf03"

[[projects]]
  digest = "1:3cc8d6f7489eff4cc78ce9fd6591978d270a55518bbbe66628eb7eb06cbf899b"
  name = "github.com/hashicorp/go-cleanhttp"
  packages = ["."]
  pruneopts = "UT"
  revision = "ad28ea4487f05916463e2423a55166280e8254b5"

[[projects]]
  digest = "1:0dd7b7b01769f9df356dc99f9e4144bdbabf6c79041ea7c0892379c5737f3c44"
  name = "github.com/hashicorp/serf"
  packages = ["coordinate"]
  pruneopts = "UT"
  revision = "d3a67ab21bc8a4643fa53a3633f2d951dd50c6ca"

[[projects]]
  branch = "master"
  digest = "1:0e1e5f960c58fdc677212fcc70e55042a0084d367623e51afbdb568963832f5d"
  name = "github.com/nu7hatch/gouuid"
  packages = ["."]
  pruneopts = "UT"
  revision = "179d4d0c4d8d407a32af483c2354df1d2c91e6c3"

[[projects]]
  digest = "1:a07caa164b5a159fd3aa419a82ce0eadaff55a7aef202e62253f2fc927cbee1f"
  name = "github.com/onsi/ginkgo"
  packages = [
    ".",
    "config",
    "ginkgo",
    "ginkgo/convert",
    "ginkgo/interrupthandler",
    "ginkgo/nodot",
    "ginkgo/testrunner",
    "ginkgo/testsuite",
    "ginkgo/watch",
    "internal/codelocation",
    "internal/containernode",
    "internal/failer",
    "internal/leafnodes",
    "internal/remote",
    "internal/spec",
    "internal/spec_iterator",
    "internal/specrunner",
    "internal/suite",
    "internal/testingtproxy",
    "internal/writer",
    "reporters",
    "reporters/stenographer",
    "reporters/stenographer/support/go-colorable",
    "reporters/stenographer/support/go-isatty",
    "types",
  ]
  pruneopts = "UT"
  revision = "fa5fabab2a1bfbd924faf4c067d07ae414e2aedf"
  version = "v1.5.0"

[[projects]]
  digest = "1:9ef588228e1d43de9e02988a02af9f4099f3e98b0ede46b8f1a8ce4486a9f17c"
  name = "github.com/onsi/gomega"
  packages = [
    ".",
    "format",
    "gbytes",
    "gexec",
    "internal/assertion",
    "internal/asyncassertion",
    "internal/oraclematcher",
    "internal/testingtsupport",
    "matchers",
    "matchers/support/goraph/bipartitegraph",
    "matchers/support/goraph/edge",
    "matchers/support/goraph/node",
    "matchers/support/goraph/util",
    "types",
  ]
  pruneopts = "UT"
  revision = "e85f63af4302dc0e4277c6008ecf803f1d80e4f0"

[[projects]]
  digest = "1:1200d066410ce974c4379b1d9b642b33244440b99db9f20ec9a3a4a8c4555573"
  name = "github.com/tedsuo/ifrit"
  packages = ["."]
  pruneopts = "UT"
  revision = "6711154296c2b3fc5cd1932f0638c8ca0ce8a8a7"

[[projects]]
  digest = "1:13dd0b927dfd82ff32299ff620f76fb2840c298dc71e36389d038a6bd1103567"
  name = "github.com/tedsuo/rata"
  packages = ["."]
  pruneopts = "UT"
  revision = "0649c23705dfb45a9693b668c4fc1c0666f485d9"
  version = "v1.0.0"

[[projects]]
  branch = "master"
  digest = "1:25253213243fe3cf02abf5820334bc5ba13a6a743480f1c5f80c2611d6ece9df"
  name = "github.com/vito/go-sse"
  packages = ["sse"]
  pruneopts = "UT"
  revision = "fd69d275caac5d78d793e77ddbe9bd2001d9b88d"

[[projects]]
  branch = "master"
  digest = "1:279284b3cc1429d8ea79402792b17c5dbfadd583ec4963db69f0368762f89be4"
  name = "golang.org/x/net"
  packages = [
    "context",
    "http2",
    "http2/hpack",
    "idna",
    "internal/timeseries",
    "lex/httplex",
    "trace",
  ]
  pruneopts = "UT"
  revision = "b3c676e531a6dc479fa1b35ac961c13f5e2b4d2e"

[[projects]]
  digest = "1:36e8440c31079d74414fd18f6b4ec10282f60c4abf3678ae3de48ab73010f532"
  name = "golang.org/x/sys"
  packages = ["unix"]
  pruneopts = "UT"
  revision = "d75a52659825e75fff6158388dddc6a5b04f9ba5"

[[projects]]
  digest = "1:a2ab62866c75542dd18d2b069fec854577a20211d7c0ea6ae746072a1dccdd18"
  name = "golang.org/x/text"
  packages = [
    "collate",
    "collate/build",
    "internal/colltab",
    "internal/gen",
    "internal/tag",
    "internal/triegen",
    "internal/ucd",
    "language",
    "secure/bidirule",
    "transform",
    "unicode/bidi",
    "unicode/cldr",
    "unicode/norm",
    "unicode/rangetable",
  ]
  pruneopts = "UT"
  revision = "f21a4dfb5e38f5895301dc265a8def02365cc3d0"
  version = "v0.3.0"

[[projects]]
  branch = "master"
  digest = "1:cd018653a358d4b743a9d3bee89e825521f2ab2f2ec0770164bf7632d8d73ab7"
  name = "google.golang.org/genproto"
  packages = ["googleapis/rpc/status"]
  pruneopts = "UT"
  revision = "35de2414665fc36f56b72d982c5af480d86de5ab"

[[projects]]
  digest = "1:7150a80c3e00bf991681d83e4cfcdc57d8d188f5359144fc1df8b3a8a6127b87"
  name = "google.golang.org/grpc"
  packages = [
    ".",
    "balancer",
    "balancer/base",
    "balancer/roundrobin",
    "codes",
    "connectivity",
    "credentials",
    "encoding",
    "encoding/proto",
    "grpclb/grpc_lb_v1/messages",
    "grpclog",
    "internal",
    "keepalive",
    "metadata",
    "naming",
    "peer",
    "resolver",
    "resolver/dns",
    "resolver/passthrough",
    "stats",
    "status",
    "tap",
    "transport",
  ]
  pruneopts = "UT"
  revision = "1e2570b1b19ade82d8dbb31bba4e65e9f9ef5b34"
  version = "v1.11.1"

[[projects]]
  digest = "1:cacb98d52c60c337c2ce95a7af83ba0313a93ce5e73fa9e99a96aff70776b9d3"
  name = "gopkg.in/yaml.v2"
  packages = ["."]
  pruneopts = "UT"
  revision = "a5b47d31c556af34a302ce5d659e6fea44d90de0"

[solve-meta]
  analyzer-name = "dep"
  analyzer-version = 1
  input-imports = [
    "code.cloudfoundry.org/bbs",
    "code.cloudfoundry.org/bbs/models",
    "code.cloudfoundry.org/copilot",
    "code.cloudfoundry.org/copilot/api",
    "code.cloudfoundry.org/lager",
    "code.cloudfoundry.org/lager/lagertest",
    "github.com/cloudfoundry-incubator/cf-test-helpers/cf",
    "github.com/cloudfoundry-incubator/cf-test-helpers/generator",
    "github.com/cloudfoundry-incubator/cf-test-helpers/workflowhelpers",
    "github.com/onsi/ginkgo",
    "github.com/onsi/ginkgo/ginkgo",
    "github.com/onsi/gomega",
    "github.com/onsi/gomega/gexec",
  ]
  solver-name = "gps-cdcl"
  solver-version = 1
