# This file is autogenerated, do not edit; changes may be undone by the next 'dep ensure'.


[[projects]]
  name = "code.cloudfoundry.org/bbs"
  packages = [
    ".",
    "encryption",
    "events",
    "format",
    "models"
  ]
  revision = "d2b17ee46edd1135d538fccf572e0256b6575018"

[[projects]]
  name = "code.cloudfoundry.org/cfhttp"
  packages = [
    ".",
    "unix_transport"
  ]
  revision = "6bfe6d86cca8843887fa20db49233b2db323217f"

[[projects]]
  name = "code.cloudfoundry.org/clock"
  packages = ["."]
  revision = "07af930eb5e50f99b6e7b413774d1a6b1cc8e598"

[[projects]]
  name = "code.cloudfoundry.org/consuladapter"
  packages = ["."]
  revision = "416e47ed81574c56d374faf434bc877fb0e83822"

[[projects]]
  name = "code.cloudfoundry.org/lager"
  packages = [
    ".",
    "lagertest"
  ]
  revision = "6cfe365fb6bb84343f0034b4a53cd250d173b61f"

[[projects]]
  name = "code.cloudfoundry.org/locket"
  packages = ["."]
  revision = "e17d7a1636cd0856b5672883b2ef97bc32e78804"

[[projects]]
  name = "code.cloudfoundry.org/runtimeschema"
  packages = ["metric"]
  revision = "5d256db4751844e23119896158bacb300fcd5372"

[[projects]]
  branch = "master"
  name = "code.cloudfoundry.org/sync-integration-tests"
  packages = ["."]
  revision = "a7ae5b9bea21b864085e8cc0bbed53991feb9b2f"

[[projects]]
  name = "github.com/bmizerany/pat"
  packages = ["."]
  revision = "c068ca2f0aacee5ac3681d68e4d0a003b7d1fd2c"

[[projects]]
  branch = "update_org_name"
  name = "github.com/cloudfoundry-incubator/cf-test-helpers"
  packages = [
    "cf",
    "commandreporter",
    "commandstarter",
    "generator",
    "helpers",
    "helpers/internal",
    "internal",
    "workflowhelpers",
    "workflowhelpers/internal"
  ]
  revision = "a36cb53dbca7484674a964b48a1c6f276f1158b3"

[[projects]]
  name = "github.com/cloudfoundry/dropsonde"
  packages = [
    "metric_sender",
    "metrics"
  ]
  revision = "01bc88882911289a6eaa67311ac0d06f77196c4f"

[[projects]]
  name = "github.com/cloudfoundry/sonde-go"
  packages = ["events"]
  revision = "49655d8642a62db248ecf87a16605d240ea06c61"

[[projects]]
  name = "github.com/gogo/protobuf"
  packages = [
    "gogoproto",
    "proto",
    "protoc-gen-gogo/descriptor",
    "sortkeys"
  ]
  revision = "f9114dace7bd920b32f943b3c73fafbcbab2bf31"

[[projects]]
  name = "github.com/hashicorp/consul"
  packages = ["api"]
  revision = "8d57727ff0d113a97c89a992e4681680f95cbf03"

[[projects]]
  name = "github.com/hashicorp/go-cleanhttp"
  packages = ["."]
  revision = "ad28ea4487f05916463e2423a55166280e8254b5"

[[projects]]
  name = "github.com/hashicorp/serf"
  packages = ["coordinate"]
  revision = "d3a67ab21bc8a4643fa53a3633f2d951dd50c6ca"

[[projects]]
  branch = "master"
  name = "github.com/nu7hatch/gouuid"
  packages = ["."]
  revision = "179d4d0c4d8d407a32af483c2354df1d2c91e6c3"

[[projects]]
  name = "github.com/onsi/ginkgo"
  packages = [
    ".",
    "config",
    "internal/codelocation",
    "internal/containernode",
    "internal/failer",
    "internal/leafnodes",
    "internal/remote",
    "internal/spec",
    "internal/specrunner",
    "internal/suite",
    "internal/testingtproxy",
    "internal/writer",
    "reporters",
    "reporters/stenographer",
    "reporters/stenographer/support/go-colorable",
    "reporters/stenographer/support/go-isatty",
    "types"
  ]
  revision = "a23f924ce96d61f963fb6219b8ff069d8d768cc2"

[[projects]]
  name = "github.com/onsi/gomega"
  packages = [
    ".",
    "format",
    "gbytes",
    "gexec",
    "internal/assertion",
    "internal/asyncassertion",
    "internal/oraclematcher",
    "internal/testingtsupport",
    "matchers",
    "matchers/support/goraph/bipartitegraph",
    "matchers/support/goraph/edge",
    "matchers/support/goraph/node",
    "matchers/support/goraph/util",
    "types"
  ]
  revision = "e85f63af4302dc0e4277c6008ecf803f1d80e4f0"

[[projects]]
  name = "github.com/tedsuo/ifrit"
  packages = ["."]
  revision = "6711154296c2b3fc5cd1932f0638c8ca0ce8a8a7"

[[projects]]
  name = "github.com/tedsuo/rata"
  packages = ["."]
  revision = "0649c23705dfb45a9693b668c4fc1c0666f485d9"
  version = "v1.0.0"

[[projects]]
  branch = "master"
  name = "github.com/vito/go-sse"
  packages = ["sse"]
  revision = "fd69d275caac5d78d793e77ddbe9bd2001d9b88d"

[[projects]]
  name = "golang.org/x/sys"
  packages = ["unix"]
  revision = "d75a52659825e75fff6158388dddc6a5b04f9ba5"

[[projects]]
  name = "gopkg.in/yaml.v2"
  packages = ["."]
  revision = "a5b47d31c556af34a302ce5d659e6fea44d90de0"

[solve-meta]
  analyzer-name = "dep"
  analyzer-version = 1
  inputs-digest = "a77e9df47b9952312f08452ded42d9cd77cb01906ddcf0594ac0b2344fe211a7"
  solver-name = "gps-cdcl"
  solver-version = 1
